
Microsoft Visual Studio Solution File, Format Version 12.00
# Visual Studio Version 17
VisualStudioVersion = 17.6.33723.286
MinimumVisualStudioVersion = 10.0.40219.1
Project("{FAE04EC0-301F-11D3-BF4B-00C04F79EFBC}") = "Interfaces", "Interfaces\Interfaces.csproj", "{B10AC47E-AD71-4968-B4FB-6D3526DD2ACD}"
EndProject
Global
	GlobalSection(SolutionConfigurationPlatforms) = preSolution
		Debug|Any CPU = Debug|Any CPU
		Release|Any CPU = Release|Any CPU
	EndGlobalSection
	GlobalSection(ProjectConfigurationPlatforms) = postSolution
		{B10AC47E-AD71-4968-B4FB-6D3526DD2ACD}.Debug|Any CPU.ActiveCfg = Debug|Any CPU
		{B10AC47E-AD71-4968-B4FB-6D3526DD2ACD}.Debug|Any CPU.Build.0 = Debug|Any CPU
		{B10AC47E-AD71-4968-B4FB-6D3526DD2ACD}.Release|Any CPU.ActiveCfg = Release|Any CPU
		{B10AC47E-AD71-4968-B4FB-6D3526DD2ACD}.Release|Any CPU.Build.0 = Release|Any CPU
	EndGlobalSection
	GlobalSection(SolutionProperties) = preSolution
		HideSolutionNode = FALSE
	EndGlobalSection
	GlobalSection(ExtensibilityGlobals) = postSolution
		SolutionGuid = {CB3EABDA-2F38-4936-AB44-B17E446D7648}
	EndGlobalSection
EndGlobal
